
Microsoft Visual Studio Solution File, Format Version 12.00
# Visual Studio Version 16
VisualStudioVersion = 16.0.30104.148
MinimumVisualStudioVersion = 10.0.40219.1
Project("{FAE04EC0-301F-11D3-BF4B-00C04F79EFBC}") = "API_QL_Nha_hang", "API_QL_Nha_hang.csproj", "{32C638E8-626B-427B-9D4E-CB0309D4BEEE}"
EndProject
Global
	GlobalSection(SolutionConfigurationPlatforms) = preSolution
		Debug|Any CPU = Debug|Any CPU
		Release|Any CPU = Release|Any CPU
	EndGlobalSection
	GlobalSection(ProjectConfigurationPlatforms) = postSolution
		{32C638E8-626B-427B-9D4E-CB0309D4BEEE}.Debug|Any CPU.ActiveCfg = Debug|Any CPU
		{32C638E8-626B-427B-9D4E-CB0309D4BEEE}.Debug|Any CPU.Build.0 = Debug|Any CPU
		{32C638E8-626B-427B-9D4E-CB0309D4BEEE}.Release|Any CPU.ActiveCfg = Release|Any CPU
		{32C638E8-626B-427B-9D4E-CB0309D4BEEE}.Release|Any CPU.Build.0 = Release|Any CPU
	EndGlobalSection
	GlobalSection(SolutionProperties) = preSolution
		HideSolutionNode = FALSE
	EndGlobalSection
	GlobalSection(ExtensibilityGlobals) = postSolution
		SolutionGuid = {2794A90D-ACE0-42A9-A560-9AB22CF84F53}
	EndGlobalSection
EndGlobal
